// !$*UTF8*$!
{
	archiveVersion = 1;
	classes = {
	};
	objectVersion = 56;
	objects = {

/* Begin PBXBuildFile section */
		7957774F2972F01A00465210 /* FavouritesView.swift in Sources */ = {isa = PBXBuildFile; fileRef = 7957774E2972F01A00465210 /* FavouritesView.swift */; };
		795777512972F04F00465210 /* ListView.swift in Sources */ = {isa = PBXBuildFile; fileRef = 795777502972F04F00465210 /* ListView.swift */; };
		795777532972F0CD00465210 /* ModelData.swift in Sources */ = {isa = PBXBuildFile; fileRef = 795777522972F0CD00465210 /* ModelData.swift */; };
		7957775529736A5800465210 /* Recipe.swift in Sources */ = {isa = PBXBuildFile; fileRef = 7957775429736A5800465210 /* Recipe.swift */; };
		7957775729737BC900465210 /* AutoRecipe.swift in Sources */ = {isa = PBXBuildFile; fileRef = 7957775629737BC900465210 /* AutoRecipe.swift */; };
		795777592974074400465210 /* pizza_recipe.json in Resources */ = {isa = PBXBuildFile; fileRef = 795777582974074400465210 /* pizza_recipe.json */; };
		7957775D29740C5600465210 /* Alamofire in Frameworks */ = {isa = PBXBuildFile; productRef = 7957775C29740C5600465210 /* Alamofire */; };
		7984048D2974893D0065F493 /* FavouriteButton.swift in Sources */ = {isa = PBXBuildFile; fileRef = 7984048C2974893D0065F493 /* FavouriteButton.swift */; };
		7984049029748B2C0065F493 /* RecipeDetails.swift in Sources */ = {isa = PBXBuildFile; fileRef = 7984048F29748B2C0065F493 /* RecipeDetails.swift */; };
		7984049229748C220065F493 /* RecipeRow.swift in Sources */ = {isa = PBXBuildFile; fileRef = 7984049129748C220065F493 /* RecipeRow.swift */; };
		798404942974908F0065F493 /* RecipeNames.swift in Sources */ = {isa = PBXBuildFile; fileRef = 798404932974908F0065F493 /* RecipeNames.swift */; };
		798404972974C62D0065F493 /* Nuke in Frameworks */ = {isa = PBXBuildFile; productRef = 798404962974C62D0065F493 /* Nuke */; };
		79B8FAF92972E16500CACFAF /* family_recipes_iosApp.swift in Sources */ = {isa = PBXBuildFile; fileRef = 79B8FAF82972E16500CACFAF /* family_recipes_iosApp.swift */; };
		79B8FAFB2972E16500CACFAF /* ContentView.swift in Sources */ = {isa = PBXBuildFile; fileRef = 79B8FAFA2972E16500CACFAF /* ContentView.swift */; };
		79B8FAFD2972E16600CACFAF /* Assets.xcassets in Resources */ = {isa = PBXBuildFile; fileRef = 79B8FAFC2972E16600CACFAF /* Assets.xcassets */; };
		79B8FB002972E16600CACFAF /* Preview Assets.xcassets in Resources */ = {isa = PBXBuildFile; fileRef = 79B8FAFF2972E16600CACFAF /* Preview Assets.xcassets */; };
/* End PBXBuildFile section */

/* Begin PBXFileReference section */
		7957774E2972F01A00465210 /* FavouritesView.swift */ = {isa = PBXFileReference; lastKnownFileType = sourcecode.swift; path = FavouritesView.swift; sourceTree = "<group>"; };
		795777502972F04F00465210 /* ListView.swift */ = {isa = PBXFileReference; lastKnownFileType = sourcecode.swift; path = ListView.swift; sourceTree = "<group>"; };
		795777522972F0CD00465210 /* ModelData.swift */ = {isa = PBXFileReference; lastKnownFileType = sourcecode.swift; path = ModelData.swift; sourceTree = "<group>"; };
		7957775429736A5800465210 /* Recipe.swift */ = {isa = PBXFileReference; lastKnownFileType = sourcecode.swift; path = Recipe.swift; sourceTree = "<group>"; };
		7957775629737BC900465210 /* AutoRecipe.swift */ = {isa = PBXFileReference; lastKnownFileType = sourcecode.swift; path = AutoRecipe.swift; sourceTree = "<group>"; };
		795777582974074400465210 /* pizza_recipe.json */ = {isa = PBXFileReference; fileEncoding = 4; lastKnownFileType = text.json; path = pizza_recipe.json; sourceTree = "<group>"; };
		7984048C2974893D0065F493 /* FavouriteButton.swift */ = {isa = PBXFileReference; lastKnownFileType = sourcecode.swift; path = FavouriteButton.swift; sourceTree = "<group>"; };
		7984048F29748B2C0065F493 /* RecipeDetails.swift */ = {isa = PBXFileReference; lastKnownFileType = sourcecode.swift; path = RecipeDetails.swift; sourceTree = "<group>"; };
		7984049129748C220065F493 /* RecipeRow.swift */ = {isa = PBXFileReference; lastKnownFileType = sourcecode.swift; path = RecipeRow.swift; sourceTree = "<group>"; };
		798404932974908F0065F493 /* RecipeNames.swift */ = {isa = PBXFileReference; lastKnownFileType = sourcecode.swift; path = RecipeNames.swift; sourceTree = "<group>"; };
		79B8FAF52972E16500CACFAF /* family-recipes-ios.app */ = {isa = PBXFileReference; explicitFileType = wrapper.application; includeInIndex = 0; path = "family-recipes-ios.app"; sourceTree = BUILT_PRODUCTS_DIR; };
		79B8FAF82972E16500CACFAF /* family_recipes_iosApp.swift */ = {isa = PBXFileReference; lastKnownFileType = sourcecode.swift; path = family_recipes_iosApp.swift; sourceTree = "<group>"; };
		79B8FAFA2972E16500CACFAF /* ContentView.swift */ = {isa = PBXFileReference; lastKnownFileType = sourcecode.swift; path = ContentView.swift; sourceTree = "<group>"; };
		79B8FAFC2972E16600CACFAF /* Assets.xcassets */ = {isa = PBXFileReference; lastKnownFileType = folder.assetcatalog; path = Assets.xcassets; sourceTree = "<group>"; };
		79B8FAFF2972E16600CACFAF /* Preview Assets.xcassets */ = {isa = PBXFileReference; lastKnownFileType = folder.assetcatalog; path = "Preview Assets.xcassets"; sourceTree = "<group>"; };
/* End PBXFileReference section */

/* Begin PBXFrameworksBuildPhase section */
		79B8FAF22972E16500CACFAF /* Frameworks */ = {
			isa = PBXFrameworksBuildPhase;
			buildActionMask = 2147483647;
			files = (
				7957775D29740C5600465210 /* Alamofire in Frameworks */,
				798404972974C62D0065F493 /* Nuke in Frameworks */,
			);
			runOnlyForDeploymentPostprocessing = 0;
		};
/* End PBXFrameworksBuildPhase section */

/* Begin PBXGroup section */
		7957774C2972EF4900465210 /* Tab Views */ = {
			isa = PBXGroup;
			children = (
				7957774E2972F01A00465210 /* FavouritesView.swift */,
				795777502972F04F00465210 /* ListView.swift */,
			);
			path = "Tab Views";
			sourceTree = "<group>";
		};
		7957774D2972EF5400465210 /* Model Data */ = {
			isa = PBXGroup;
			children = (
				795777522972F0CD00465210 /* ModelData.swift */,
				795777582974074400465210 /* pizza_recipe.json */,
			);
			path = "Model Data";
			sourceTree = "<group>";
		};
		7957775A29740B7E00465210 /* DataStructs */ = {
			isa = PBXGroup;
			children = (
				7957775429736A5800465210 /* Recipe.swift */,
				7957775629737BC900465210 /* AutoRecipe.swift */,
				798404932974908F0065F493 /* RecipeNames.swift */,
			);
			path = DataStructs;
			sourceTree = "<group>";
		};
		7984048B297489270065F493 /* HelperViews */ = {
			isa = PBXGroup;
			children = (
				7984048C2974893D0065F493 /* FavouriteButton.swift */,
			);
			path = HelperViews;
			sourceTree = "<group>";
		};
		7984048E29748B200065F493 /* Views */ = {
			isa = PBXGroup;
			children = (
				7984048F29748B2C0065F493 /* RecipeDetails.swift */,
				7984049129748C220065F493 /* RecipeRow.swift */,
			);
			path = Views;
			sourceTree = "<group>";
		};
		79B8FAEC2972E16500CACFAF = {
			isa = PBXGroup;
			children = (
				79B8FAF72972E16500CACFAF /* family-recipes-ios */,
				79B8FAF62972E16500CACFAF /* Products */,
			);
			sourceTree = "<group>";
		};
		79B8FAF62972E16500CACFAF /* Products */ = {
			isa = PBXGroup;
			children = (
				79B8FAF52972E16500CACFAF /* family-recipes-ios.app */,
			);
			name = Products;
			sourceTree = "<group>";
		};
		79B8FAF72972E16500CACFAF /* family-recipes-ios */ = {
			isa = PBXGroup;
			children = (
				7984048E29748B200065F493 /* Views */,
				7984048B297489270065F493 /* HelperViews */,
				7957775A29740B7E00465210 /* DataStructs */,
				7957774D2972EF5400465210 /* Model Data */,
				7957774C2972EF4900465210 /* Tab Views */,
				79B8FAF82972E16500CACFAF /* family_recipes_iosApp.swift */,
				79B8FAFA2972E16500CACFAF /* ContentView.swift */,
				79B8FAFC2972E16600CACFAF /* Assets.xcassets */,
				79B8FAFE2972E16600CACFAF /* Preview Content */,
			);
			path = "family-recipes-ios";
			sourceTree = "<group>";
		};
		79B8FAFE2972E16600CACFAF /* Preview Content */ = {
			isa = PBXGroup;
			children = (
				79B8FAFF2972E16600CACFAF /* Preview Assets.xcassets */,
			);
			path = "Preview Content";
			sourceTree = "<group>";
		};
/* End PBXGroup section */

/* Begin PBXNativeTarget section */
		79B8FAF42972E16500CACFAF /* family-recipes-ios */ = {
			isa = PBXNativeTarget;
			buildConfigurationList = 79B8FB032972E16600CACFAF /* Build configuration list for PBXNativeTarget "family-recipes-ios" */;
			buildPhases = (
				79B8FAF12972E16500CACFAF /* Sources */,
				79B8FAF22972E16500CACFAF /* Frameworks */,
				79B8FAF32972E16500CACFAF /* Resources */,
			);
			buildRules = (
			);
			dependencies = (
			);
			name = "family-recipes-ios";
			packageProductDependencies = (
				7957775C29740C5600465210 /* Alamofire */,
				798404962974C62D0065F493 /* Nuke */,
			);
			productName = "family-recipes-ios";
			productReference = 79B8FAF52972E16500CACFAF /* family-recipes-ios.app */;
			productType = "com.apple.product-type.application";
		};
/* End PBXNativeTarget section */

/* Begin PBXProject section */
		79B8FAED2972E16500CACFAF /* Project object */ = {
			isa = PBXProject;
			attributes = {
				BuildIndependentTargetsInParallel = 1;
				LastSwiftUpdateCheck = 1420;
				LastUpgradeCheck = 1420;
				TargetAttributes = {
					79B8FAF42972E16500CACFAF = {
						CreatedOnToolsVersion = 14.2;
					};
				};
			};
			buildConfigurationList = 79B8FAF02972E16500CACFAF /* Build configuration list for PBXProject "family-recipes-ios" */;
			compatibilityVersion = "Xcode 14.0";
			developmentRegion = en;
			hasScannedForEncodings = 0;
			knownRegions = (
				en,
				Base,
			);
			mainGroup = 79B8FAEC2972E16500CACFAF;
			packageReferences = (
				7957775B29740C5600465210 /* XCRemoteSwiftPackageReference "Alamofire" */,
				798404952974C62D0065F493 /* XCRemoteSwiftPackageReference "Nuke" */,
			);
			productRefGroup = 79B8FAF62972E16500CACFAF /* Products */;
			projectDirPath = "";
			projectRoot = "";
			targets = (
				79B8FAF42972E16500CACFAF /* family-recipes-ios */,
			);
		};
/* End PBXProject section */

/* Begin PBXResourcesBuildPhase section */
		79B8FAF32972E16500CACFAF /* Resources */ = {
			isa = PBXResourcesBuildPhase;
			buildActionMask = 2147483647;
			files = (
				795777592974074400465210 /* pizza_recipe.json in Resources */,
				79B8FB002972E16600CACFAF /* Preview Assets.xcassets in Resources */,
				79B8FAFD2972E16600CACFAF /* Assets.xcassets in Resources */,
			);
			runOnlyForDeploymentPostprocessing = 0;
		};
/* End PBXResourcesBuildPhase section */

/* Begin PBXSourcesBuildPhase section */
		79B8FAF12972E16500CACFAF /* Sources */ = {
			isa = PBXSourcesBuildPhase;
			buildActionMask = 2147483647;
			files = (
				795777512972F04F00465210 /* ListView.swift in Sources */,
				7984048D2974893D0065F493 /* FavouriteButton.swift in Sources */,
				79B8FAFB2972E16500CACFAF /* ContentView.swift in Sources */,
				795777532972F0CD00465210 /* ModelData.swift in Sources */,
				7984049229748C220065F493 /* RecipeRow.swift in Sources */,
				7957775529736A5800465210 /* Recipe.swift in Sources */,
				7957774F2972F01A00465210 /* FavouritesView.swift in Sources */,
				7984049029748B2C0065F493 /* RecipeDetails.swift in Sources */,
				7957775729737BC900465210 /* AutoRecipe.swift in Sources */,
				798404942974908F0065F493 /* RecipeNames.swift in Sources */,
				79B8FAF92972E16500CACFAF /* family_recipes_iosApp.swift in Sources */,
			);
			runOnlyForDeploymentPostprocessing = 0;
		};
/* End PBXSourcesBuildPhase section */

/* Begin XCBuildConfiguration section */
		79B8FB012972E16600CACFAF /* Debug */ = {
			isa = XCBuildConfiguration;
			buildSettings = {
				ALWAYS_SEARCH_USER_PATHS = NO;
				CLANG_ANALYZER_NONNULL = YES;
				CLANG_ANALYZER_NUMBER_OBJECT_CONVERSION = YES_AGGRESSIVE;
				CLANG_CXX_LANGUAGE_STANDARD = "gnu++20";
				CLANG_ENABLE_MODULES = YES;
				CLANG_ENABLE_OBJC_ARC = YES;
				CLANG_ENABLE_OBJC_WEAK = YES;
				CLANG_WARN_BLOCK_CAPTURE_AUTORELEASING = YES;
				CLANG_WARN_BOOL_CONVERSION = YES;
				CLANG_WARN_COMMA = YES;
				CLANG_WARN_CONSTANT_CONVERSION = YES;
				CLANG_WARN_DEPRECATED_OBJC_IMPLEMENTATIONS = YES;
				CLANG_WARN_DIRECT_OBJC_ISA_USAGE = YES_ERROR;
				CLANG_WARN_DOCUMENTATION_COMMENTS = YES;
				CLANG_WARN_EMPTY_BODY = YES;
				CLANG_WARN_ENUM_CONVERSION = YES;
				CLANG_WARN_INFINITE_RECURSION = YES;
				CLANG_WARN_INT_CONVERSION = YES;
				CLANG_WARN_NON_LITERAL_NULL_CONVERSION = YES;
				CLANG_WARN_OBJC_IMPLICIT_RETAIN_SELF = YES;
				CLANG_WARN_OBJC_LITERAL_CONVERSION = YES;
				CLANG_WARN_OBJC_ROOT_CLASS = YES_ERROR;
				CLANG_WARN_QUOTED_INCLUDE_IN_FRAMEWORK_HEADER = YES;
				CLANG_WARN_RANGE_LOOP_ANALYSIS = YES;
				CLANG_WARN_STRICT_PROTOTYPES = YES;
				CLANG_WARN_SUSPICIOUS_MOVE = YES;
				CLANG_WARN_UNGUARDED_AVAILABILITY = YES_AGGRESSIVE;
				CLANG_WARN_UNREACHABLE_CODE = YES;
				CLANG_WARN__DUPLICATE_METHOD_MATCH = YES;
				COPY_PHASE_STRIP = NO;
				DEBUG_INFORMATION_FORMAT = dwarf;
				ENABLE_STRICT_OBJC_MSGSEND = YES;
				ENABLE_TESTABILITY = YES;
				GCC_C_LANGUAGE_STANDARD = gnu11;
				GCC_DYNAMIC_NO_PIC = NO;
				GCC_NO_COMMON_BLOCKS = YES;
				GCC_OPTIMIZATION_LEVEL = 0;
				GCC_PREPROCESSOR_DEFINITIONS = (
					"DEBUG=1",
					"$(inherited)",
				);
				GCC_WARN_64_TO_32_BIT_CONVERSION = YES;
				GCC_WARN_ABOUT_RETURN_TYPE = YES_ERROR;
				GCC_WARN_UNDECLARED_SELECTOR = YES;
				GCC_WARN_UNINITIALIZED_AUTOS = YES_AGGRESSIVE;
				GCC_WARN_UNUSED_FUNCTION = YES;
				GCC_WARN_UNUSED_VARIABLE = YES;
				IPHONEOS_DEPLOYMENT_TARGET = 16.2;
				MTL_ENABLE_DEBUG_INFO = INCLUDE_SOURCE;
				MTL_FAST_MATH = YES;
				ONLY_ACTIVE_ARCH = YES;
				SDKROOT = iphoneos;
				SWIFT_ACTIVE_COMPILATION_CONDITIONS = DEBUG;
				SWIFT_OPTIMIZATION_LEVEL = "-Onone";
			};
			name = Debug;
		};
		79B8FB022972E16600CACFAF /* Release */ = {
			isa = XCBuildConfiguration;
			buildSettings = {
				ALWAYS_SEARCH_USER_PATHS = NO;
				CLANG_ANALYZER_NONNULL = YES;
				CLANG_ANALYZER_NUMBER_OBJECT_CONVERSION = YES_AGGRESSIVE;
				CLANG_CXX_LANGUAGE_STANDARD = "gnu++20";
				CLANG_ENABLE_MODULES = YES;
				CLANG_ENABLE_OBJC_ARC = YES;
				CLANG_ENABLE_OBJC_WEAK = YES;
				CLANG_WARN_BLOCK_CAPTURE_AUTORELEASING = YES;
				CLANG_WARN_BOOL_CONVERSION = YES;
				CLANG_WARN_COMMA = YES;
				CLANG_WARN_CONSTANT_CONVERSION = YES;
				CLANG_WARN_DEPRECATED_OBJC_IMPLEMENTATIONS = YES;
				CLANG_WARN_DIRECT_OBJC_ISA_USAGE = YES_ERROR;
				CLANG_WARN_DOCUMENTATION_COMMENTS = YES;
				CLANG_WARN_EMPTY_BODY = YES;
				CLANG_WARN_ENUM_CONVERSION = YES;
				CLANG_WARN_INFINITE_RECURSION = YES;
				CLANG_WARN_INT_CONVERSION = YES;
				CLANG_WARN_NON_LITERAL_NULL_CONVERSION = YES;
				CLANG_WARN_OBJC_IMPLICIT_RETAIN_SELF = YES;
				CLANG_WARN_OBJC_LITERAL_CONVERSION = YES;
				CLANG_WARN_OBJC_ROOT_CLASS = YES_ERROR;
				CLANG_WARN_QUOTED_INCLUDE_IN_FRAMEWORK_HEADER = YES;
				CLANG_WARN_RANGE_LOOP_ANALYSIS = YES;
				CLANG_WARN_STRICT_PROTOTYPES = YES;
				CLANG_WARN_SUSPICIOUS_MOVE = YES;
				CLANG_WARN_UNGUARDED_AVAILABILITY = YES_AGGRESSIVE;
				CLANG_WARN_UNREACHABLE_CODE = YES;
				CLANG_WARN__DUPLICATE_METHOD_MATCH = YES;
				COPY_PHASE_STRIP = NO;
				DEBUG_INFORMATION_FORMAT = "dwarf-with-dsym";
				ENABLE_NS_ASSERTIONS = NO;
				ENABLE_STRICT_OBJC_MSGSEND = YES;
				GCC_C_LANGUAGE_STANDARD = gnu11;
				GCC_NO_COMMON_BLOCKS = YES;
				GCC_WARN_64_TO_32_BIT_CONVERSION = YES;
				GCC_WARN_ABOUT_RETURN_TYPE = YES_ERROR;
				GCC_WARN_UNDECLARED_SELECTOR = YES;
				GCC_WARN_UNINITIALIZED_AUTOS = YES_AGGRESSIVE;
				GCC_WARN_UNUSED_FUNCTION = YES;
				GCC_WARN_UNUSED_VARIABLE = YES;
				IPHONEOS_DEPLOYMENT_TARGET = 16.2;
				MTL_ENABLE_DEBUG_INFO = NO;
				MTL_FAST_MATH = YES;
				SDKROOT = iphoneos;
				SWIFT_COMPILATION_MODE = wholemodule;
				SWIFT_OPTIMIZATION_LEVEL = "-O";
				VALIDATE_PRODUCT = YES;
			};
			name = Release;
		};
		79B8FB042972E16600CACFAF /* Debug */ = {
			isa = XCBuildConfiguration;
			buildSettings = {
				ASSETCATALOG_COMPILER_APPICON_NAME = AppIcon;
				ASSETCATALOG_COMPILER_GLOBAL_ACCENT_COLOR_NAME = AccentColor;
				ASSETCATALOG_COMPILER_INCLUDE_ALL_APPICON_ASSETS = YES;
				"CODE_SIGN_IDENTITY[sdk=iphoneos*]" = "iPhone Developer";
				CODE_SIGN_STYLE = Manual;
				CURRENT_PROJECT_VERSION = 5;
				DEVELOPMENT_ASSET_PATHS = "\"family-recipes-ios/Preview Content\"";
				DEVELOPMENT_TEAM = "";
				"DEVELOPMENT_TEAM[sdk=iphoneos*]" = XY38V6KLF8;
				ENABLE_PREVIEWS = YES;
				GENERATE_INFOPLIST_FILE = YES;
				INFOPLIST_KEY_LSApplicationCategoryType = "public.app-category.lifestyle";
				INFOPLIST_KEY_UIApplicationSceneManifest_Generation = YES;
				INFOPLIST_KEY_UIApplicationSupportsIndirectInputEvents = YES;
				INFOPLIST_KEY_UILaunchScreen_Generation = YES;
				INFOPLIST_KEY_UISupportedInterfaceOrientations_iPad = "UIInterfaceOrientationPortrait UIInterfaceOrientationPortraitUpsideDown UIInterfaceOrientationLandscapeLeft UIInterfaceOrientationLandscapeRight";
				INFOPLIST_KEY_UISupportedInterfaceOrientations_iPhone = "UIInterfaceOrientationPortrait UIInterfaceOrientationLandscapeLeft UIInterfaceOrientationLandscapeRight";
				LD_RUNPATH_SEARCH_PATHS = (
					"$(inherited)",
					"@executable_path/Frameworks",
				);
				MARKETING_VERSION = 1.0;
				PRODUCT_BUNDLE_IDENTIFIER = "com.danmalyaris.family-recipes-ios";
				PRODUCT_NAME = "$(TARGET_NAME)";
				PROVISIONING_PROFILE_SPECIFIER = "";
				"PROVISIONING_PROFILE_SPECIFIER[sdk=iphoneos*]" = "match Development com.danmalyaris.family-recipes-ios";
				SUPPORTED_PLATFORMS = "iphoneos iphonesimulator";
				SUPPORTS_MACCATALYST = NO;
				SUPPORTS_MAC_DESIGNED_FOR_IPHONE_IPAD = NO;
				SWIFT_EMIT_LOC_STRINGS = YES;
				SWIFT_VERSION = 5.0;
				TARGETED_DEVICE_FAMILY = 1;
			};
			name = Debug;
		};
		79B8FB052972E16600CACFAF /* Release */ = {
			isa = XCBuildConfiguration;
			buildSettings = {
				ASSETCATALOG_COMPILER_APPICON_NAME = AppIcon;
				ASSETCATALOG_COMPILER_GLOBAL_ACCENT_COLOR_NAME = AccentColor;
				ASSETCATALOG_COMPILER_INCLUDE_ALL_APPICON_ASSETS = YES;
				"CODE_SIGN_IDENTITY[sdk=iphoneos*]" = "iPhone Distribution";
				CODE_SIGN_STYLE = Manual;
				CURRENT_PROJECT_VERSION = 5;
				DEVELOPMENT_ASSET_PATHS = "\"family-recipes-ios/Preview Content\"";
				DEVELOPMENT_TEAM = "";
				"DEVELOPMENT_TEAM[sdk=iphoneos*]" = XY38V6KLF8;
				ENABLE_PREVIEWS = YES;
				GENERATE_INFOPLIST_FILE = YES;
				INFOPLIST_KEY_LSApplicationCategoryType = "public.app-category.lifestyle";
				INFOPLIST_KEY_UIApplicationSceneManifest_Generation = YES;
				INFOPLIST_KEY_UIApplicationSupportsIndirectInputEvents = YES;
				INFOPLIST_KEY_UILaunchScreen_Generation = YES;
				INFOPLIST_KEY_UISupportedInterfaceOrientations_iPad = "UIInterfaceOrientationPortrait UIInterfaceOrientationPortraitUpsideDown UIInterfaceOrientationLandscapeLeft UIInterfaceOrientationLandscapeRight";
				INFOPLIST_KEY_UISupportedInterfaceOrientations_iPhone = "UIInterfaceOrientationPortrait UIInterfaceOrientationLandscapeLeft UIInterfaceOrientationLandscapeRight";
				LD_RUNPATH_SEARCH_PATHS = (
					"$(inherited)",
					"@executable_path/Frameworks",
				);
				MARKETING_VERSION = 1.0;
				PRODUCT_BUNDLE_IDENTIFIER = "com.danmalyaris.family-recipes-ios";
				PRODUCT_NAME = "$(TARGET_NAME)";
				PROVISIONING_PROFILE_SPECIFIER = "";
				"PROVISIONING_PROFILE_SPECIFIER[sdk=iphoneos*]" = "match AppStore com.danmalyaris.family-recipes-ios";
				SUPPORTED_PLATFORMS = "iphoneos iphonesimulator";
				SUPPORTS_MACCATALYST = NO;
				SUPPORTS_MAC_DESIGNED_FOR_IPHONE_IPAD = NO;
				SWIFT_EMIT_LOC_STRINGS = YES;
				SWIFT_VERSION = 5.0;
				TARGETED_DEVICE_FAMILY = 1;
			};
			name = Release;
		};
/* End XCBuildConfiguration section */

/* Begin XCConfigurationList section */
		79B8FAF02972E16500CACFAF /* Build configuration list for PBXProject "family-recipes-ios" */ = {
			isa = XCConfigurationList;
			buildConfigurations = (
				79B8FB012972E16600CACFAF /* Debug */,
				79B8FB022972E16600CACFAF /* Release */,
			);
			defaultConfigurationIsVisible = 0;
			defaultConfigurationName = Release;
		};
		79B8FB032972E16600CACFAF /* Build configuration list for PBXNativeTarget "family-recipes-ios" */ = {
			isa = XCConfigurationList;
			buildConfigurations = (
				79B8FB042972E16600CACFAF /* Debug */,
				79B8FB052972E16600CACFAF /* Release */,
			);
			defaultConfigurationIsVisible = 0;
			defaultConfigurationName = Release;
		};
/* End XCConfigurationList section */

/* Begin XCRemoteSwiftPackageReference section */
		7957775B29740C5600465210 /* XCRemoteSwiftPackageReference "Alamofire" */ = {
			isa = XCRemoteSwiftPackageReference;
			repositoryURL = "https://github.com/Alamofire/Alamofire.git";
			requirement = {
				kind = upToNextMajorVersion;
				minimumVersion = 5.0.0;
			};
		};
		798404952974C62D0065F493 /* XCRemoteSwiftPackageReference "Nuke" */ = {
			isa = XCRemoteSwiftPackageReference;
			repositoryURL = "https://github.com/kean/Nuke.git";
			requirement = {
				kind = upToNextMajorVersion;
				minimumVersion = 11.0.0;
			};
		};
/* End XCRemoteSwiftPackageReference section */

/* Begin XCSwiftPackageProductDependency section */
		7957775C29740C5600465210 /* Alamofire */ = {
			isa = XCSwiftPackageProductDependency;
			package = 7957775B29740C5600465210 /* XCRemoteSwiftPackageReference "Alamofire" */;
			productName = Alamofire;
		};
		798404962974C62D0065F493 /* Nuke */ = {
			isa = XCSwiftPackageProductDependency;
			package = 798404952974C62D0065F493 /* XCRemoteSwiftPackageReference "Nuke" */;
			productName = Nuke;
		};
/* End XCSwiftPackageProductDependency section */
	};
	rootObject = 79B8FAED2972E16500CACFAF /* Project object */;
}
